
Microsoft Visual Studio Solution File, Format Version 12.00
# Visual Studio Version 17
VisualStudioVersion = 17.5.33627.172
MinimumVisualStudioVersion = 10.0.40219.1
Project("{9A19103F-16F7-4668-BE54-9A1E7A4F7556}") = "CompanyEmployees", "CompanyEmployees\CompanyEmployees.csproj", "{09C1D539-C49D-4935-8D8A-443FDE3FB736}"
	ProjectSection(ProjectDependencies) = postProject
		{EA4F0A2A-A077-48D5-A451-EB75A9674310} = {EA4F0A2A-A077-48D5-A451-EB75A9674310}
	EndProjectSection
EndProject
Project("{9A19103F-16F7-4668-BE54-9A1E7A4F7556}") = "MiddlewareExample", "MiddlewareExample\MiddlewareExample.csproj", "{45355DB0-E69B-464C-BB49-818C1E043B44}"
EndProject
Project("{9A19103F-16F7-4668-BE54-9A1E7A4F7556}") = "Contracts", "Contracts\Contracts.csproj", "{D9607F79-47E1-4CA0-9FA3-7EE6A39A2654}"
EndProject
Project("{9A19103F-16F7-4668-BE54-9A1E7A4F7556}") = "LoggerService", "LoggerService\LoggerService.csproj", "{EA4F0A2A-A077-48D5-A451-EB75A9674310}"
	ProjectSection(ProjectDependencies) = postProject
		{D9607F79-47E1-4CA0-9FA3-7EE6A39A2654} = {D9607F79-47E1-4CA0-9FA3-7EE6A39A2654}
	EndProjectSection
EndProject
Project("{2150E333-8FDC-42A3-9474-1A3956D46DE8}") = "Solution Items", "Solution Items", "{D1A660B4-3119-4077-A7FB-1A2CD159B52A}"
EndProject
Project("{9A19103F-16F7-4668-BE54-9A1E7A4F7556}") = "Entities", "Entities\Entities.csproj", "{0894D0C3-2097-4E01-B1D4-3AF4CD332ABD}"
EndProject
Project("{9A19103F-16F7-4668-BE54-9A1E7A4F7556}") = "Repository", "Repository\Repository.csproj", "{789E2D92-1F1A-4B70-9952-7E1CC75EC39A}"
EndProject
Project("{FAE04EC0-301F-11D3-BF4B-00C04F79EFBC}") = "Service.Contracts", "Service.Contracts\Service.Contracts.csproj", "{A2EA119F-F82E-42B5-B350-69CF2FA42ED4}"
EndProject
Project("{FAE04EC0-301F-11D3-BF4B-00C04F79EFBC}") = "Service", "Service\Service.csproj", "{81749079-C05E-45DF-B1C4-3F2A01690C80}"
EndProject
Global
	GlobalSection(SolutionConfigurationPlatforms) = preSolution
		Debug|Any CPU = Debug|Any CPU
		Release|Any CPU = Release|Any CPU
	EndGlobalSection
	GlobalSection(ProjectConfigurationPlatforms) = postSolution
		{09C1D539-C49D-4935-8D8A-443FDE3FB736}.Debug|Any CPU.ActiveCfg = Debug|Any CPU
		{09C1D539-C49D-4935-8D8A-443FDE3FB736}.Debug|Any CPU.Build.0 = Debug|Any CPU
		{09C1D539-C49D-4935-8D8A-443FDE3FB736}.Release|Any CPU.ActiveCfg = Release|Any CPU
		{09C1D539-C49D-4935-8D8A-443FDE3FB736}.Release|Any CPU.Build.0 = Release|Any CPU
		{45355DB0-E69B-464C-BB49-818C1E043B44}.Debug|Any CPU.ActiveCfg = Debug|Any CPU
		{45355DB0-E69B-464C-BB49-818C1E043B44}.Debug|Any CPU.Build.0 = Debug|Any CPU
		{45355DB0-E69B-464C-BB49-818C1E043B44}.Release|Any CPU.ActiveCfg = Release|Any CPU
		{45355DB0-E69B-464C-BB49-818C1E043B44}.Release|Any CPU.Build.0 = Release|Any CPU
		{D9607F79-47E1-4CA0-9FA3-7EE6A39A2654}.Debug|Any CPU.ActiveCfg = Debug|Any CPU
		{D9607F79-47E1-4CA0-9FA3-7EE6A39A2654}.Debug|Any CPU.Build.0 = Debug|Any CPU
		{D9607F79-47E1-4CA0-9FA3-7EE6A39A2654}.Release|Any CPU.ActiveCfg = Release|Any CPU
		{D9607F79-47E1-4CA0-9FA3-7EE6A39A2654}.Release|Any CPU.Build.0 = Release|Any CPU
		{EA4F0A2A-A077-48D5-A451-EB75A9674310}.Debug|Any CPU.ActiveCfg = Debug|Any CPU
		{EA4F0A2A-A077-48D5-A451-EB75A9674310}.Debug|Any CPU.Build.0 = Debug|Any CPU
		{EA4F0A2A-A077-48D5-A451-EB75A9674310}.Release|Any CPU.ActiveCfg = Release|Any CPU
		{EA4F0A2A-A077-48D5-A451-EB75A9674310}.Release|Any CPU.Build.0 = Release|Any CPU
		{0894D0C3-2097-4E01-B1D4-3AF4CD332ABD}.Debug|Any CPU.ActiveCfg = Debug|Any CPU
		{0894D0C3-2097-4E01-B1D4-3AF4CD332ABD}.Debug|Any CPU.Build.0 = Debug|Any CPU
		{0894D0C3-2097-4E01-B1D4-3AF4CD332ABD}.Release|Any CPU.ActiveCfg = Release|Any CPU
		{0894D0C3-2097-4E01-B1D4-3AF4CD332ABD}.Release|Any CPU.Build.0 = Release|Any CPU
		{789E2D92-1F1A-4B70-9952-7E1CC75EC39A}.Debug|Any CPU.ActiveCfg = Debug|Any CPU
		{789E2D92-1F1A-4B70-9952-7E1CC75EC39A}.Debug|Any CPU.Build.0 = Debug|Any CPU
		{789E2D92-1F1A-4B70-9952-7E1CC75EC39A}.Release|Any CPU.ActiveCfg = Release|Any CPU
		{789E2D92-1F1A-4B70-9952-7E1CC75EC39A}.Release|Any CPU.Build.0 = Release|Any CPU
		{A2EA119F-F82E-42B5-B350-69CF2FA42ED4}.Debug|Any CPU.ActiveCfg = Debug|Any CPU
		{A2EA119F-F82E-42B5-B350-69CF2FA42ED4}.Debug|Any CPU.Build.0 = Debug|Any CPU
		{A2EA119F-F82E-42B5-B350-69CF2FA42ED4}.Release|Any CPU.ActiveCfg = Release|Any CPU
		{A2EA119F-F82E-42B5-B350-69CF2FA42ED4}.Release|Any CPU.Build.0 = Release|Any CPU
		{81749079-C05E-45DF-B1C4-3F2A01690C80}.Debug|Any CPU.ActiveCfg = Debug|Any CPU
		{81749079-C05E-45DF-B1C4-3F2A01690C80}.Debug|Any CPU.Build.0 = Debug|Any CPU
		{81749079-C05E-45DF-B1C4-3F2A01690C80}.Release|Any CPU.ActiveCfg = Release|Any CPU
		{81749079-C05E-45DF-B1C4-3F2A01690C80}.Release|Any CPU.Build.0 = Release|Any CPU
	EndGlobalSection
	GlobalSection(SolutionProperties) = preSolution
		HideSolutionNode = FALSE
	EndGlobalSection
	GlobalSection(ExtensibilityGlobals) = postSolution
		SolutionGuid = {A4DC8B20-49F3-4B0C-BA89-E65B561AC459}
	EndGlobalSection
EndGlobal
